
Microsoft Visual Studio Solution File, Format Version 12.00
# Visual Studio 14
VisualStudioVersion = 14.0.24720.0
MinimumVisualStudioVersion = 10.0.40219.1
Project("{FAE04EC0-301F-11D3-BF4B-00C04F79EFBC}") = "TeamCity.PvsStudio.MetaRunner.TestProject", "app\TeamCity.PvsStudio.MetaRunner.TestProject\TeamCity.PvsStudio.MetaRunner.TestProject.csproj", "{0C821208-FBE5-4421-826C-E9E22ADF7303}"
EndProject
Project("{FAE04EC0-301F-11D3-BF4B-00C04F79EFBC}") = "TeamCity.PvsStudio.MetaRunner.Tests", "tests\TeamCity.PvsStudio.MetaRunner.Tests\TeamCity.PvsStudio.MetaRunner.Tests.csproj", "{282843E9-1846-4874-805A-5CCB59B3E633}"
EndProject
Global
	GlobalSection(SolutionConfigurationPlatforms) = preSolution
		Debug|Any CPU = Debug|Any CPU
		Release|Any CPU = Release|Any CPU
	EndGlobalSection
	GlobalSection(ProjectConfigurationPlatforms) = postSolution
		{0C821208-FBE5-4421-826C-E9E22ADF7303}.Debug|Any CPU.ActiveCfg = Debug|Any CPU
		{0C821208-FBE5-4421-826C-E9E22ADF7303}.Debug|Any CPU.Build.0 = Debug|Any CPU
		{0C821208-FBE5-4421-826C-E9E22ADF7303}.Release|Any CPU.ActiveCfg = Release|Any CPU
		{0C821208-FBE5-4421-826C-E9E22ADF7303}.Release|Any CPU.Build.0 = Release|Any CPU
		{282843E9-1846-4874-805A-5CCB59B3E633}.Debug|Any CPU.ActiveCfg = Debug|Any CPU
		{282843E9-1846-4874-805A-5CCB59B3E633}.Debug|Any CPU.Build.0 = Debug|Any CPU
		{282843E9-1846-4874-805A-5CCB59B3E633}.Release|Any CPU.ActiveCfg = Release|Any CPU
		{282843E9-1846-4874-805A-5CCB59B3E633}.Release|Any CPU.Build.0 = Release|Any CPU
	EndGlobalSection
	GlobalSection(SolutionProperties) = preSolution
		HideSolutionNode = FALSE
	EndGlobalSection
EndGlobal
